
Microsoft Visual Studio Solution File, Format Version 12.00
# Visual Studio Version 17
VisualStudioVersion = 17.0.31903.59
MinimumVisualStudioVersion = 10.0.40219.1
Project("{FAE04EC0-301F-11D3-BF4B-00C04F79EFBC}") = "CustomerClassLibrary", "CustomerClassLibrary\CustomerClassLibrary.csproj", "{BF5057AD-BFA9-4F03-B69D-3A17A30557EE}"
EndProject
Project("{FAE04EC0-301F-11D3-BF4B-00C04F79EFBC}") = "CustomerClassLibrary.Tests", "CustomerClassLibrary.Tests\CustomerClassLibrary.Tests.csproj", "{155A0563-22F2-451E-8D17-541614AD5873}"
EndProject
Global
	GlobalSection(SolutionConfigurationPlatforms) = preSolution
		Debug|Any CPU = Debug|Any CPU
		Release|Any CPU = Release|Any CPU
	EndGlobalSection
	GlobalSection(ProjectConfigurationPlatforms) = postSolution
		{BF5057AD-BFA9-4F03-B69D-3A17A30557EE}.Debug|Any CPU.ActiveCfg = Debug|Any CPU
		{BF5057AD-BFA9-4F03-B69D-3A17A30557EE}.Debug|Any CPU.Build.0 = Debug|Any CPU
		{BF5057AD-BFA9-4F03-B69D-3A17A30557EE}.Release|Any CPU.ActiveCfg = Release|Any CPU
		{BF5057AD-BFA9-4F03-B69D-3A17A30557EE}.Release|Any CPU.Build.0 = Release|Any CPU
		{155A0563-22F2-451E-8D17-541614AD5873}.Debug|Any CPU.ActiveCfg = Debug|Any CPU
		{155A0563-22F2-451E-8D17-541614AD5873}.Debug|Any CPU.Build.0 = Debug|Any CPU
		{155A0563-22F2-451E-8D17-541614AD5873}.Release|Any CPU.ActiveCfg = Release|Any CPU
		{155A0563-22F2-451E-8D17-541614AD5873}.Release|Any CPU.Build.0 = Release|Any CPU
	EndGlobalSection
	GlobalSection(SolutionProperties) = preSolution
		HideSolutionNode = FALSE
	EndGlobalSection
	GlobalSection(ExtensibilityGlobals) = postSolution
		SolutionGuid = {304883E3-2B6C-4A13-8B91-C7ADCB2FAB27}
	EndGlobalSection
EndGlobal
